
Microsoft Visual Studio Solution File, Format Version 12.00
# Visual Studio Version 16
VisualStudioVersion = 16.0.31402.337
MinimumVisualStudioVersion = 10.0.40219.1
Project("{9A19103F-16F7-4668-BE54-9A1E7A4F7556}") = "Lesson_3.1", "Lesson_3.1.csproj", "{32E8B705-79A6-4854-B9A6-0935F7F9FFD0}"
EndProject
Project("{FAE04EC0-301F-11D3-BF4B-00C04F79EFBC}") = "Lesson_3.2", "..\Lesson_3.2\Lesson_3.2.csproj", "{37DDA424-4E64-489F-A499-4617CC871311}"
EndProject
Project("{FAE04EC0-301F-11D3-BF4B-00C04F79EFBC}") = "Lesson_3.3", "..\Lesson_3.3\Lesson_3.3.csproj", "{5A842297-240F-44E3-A9F3-09357B265ECD}"
EndProject
Global
	GlobalSection(SolutionConfigurationPlatforms) = preSolution
		Debug|Any CPU = Debug|Any CPU
		Release|Any CPU = Release|Any CPU
	EndGlobalSection
	GlobalSection(ProjectConfigurationPlatforms) = postSolution
		{32E8B705-79A6-4854-B9A6-0935F7F9FFD0}.Debug|Any CPU.ActiveCfg = Debug|Any CPU
		{32E8B705-79A6-4854-B9A6-0935F7F9FFD0}.Debug|Any CPU.Build.0 = Debug|Any CPU
		{32E8B705-79A6-4854-B9A6-0935F7F9FFD0}.Release|Any CPU.ActiveCfg = Release|Any CPU
		{32E8B705-79A6-4854-B9A6-0935F7F9FFD0}.Release|Any CPU.Build.0 = Release|Any CPU
		{37DDA424-4E64-489F-A499-4617CC871311}.Debug|Any CPU.ActiveCfg = Debug|Any CPU
		{37DDA424-4E64-489F-A499-4617CC871311}.Debug|Any CPU.Build.0 = Debug|Any CPU
		{37DDA424-4E64-489F-A499-4617CC871311}.Release|Any CPU.ActiveCfg = Release|Any CPU
		{37DDA424-4E64-489F-A499-4617CC871311}.Release|Any CPU.Build.0 = Release|Any CPU
		{5A842297-240F-44E3-A9F3-09357B265ECD}.Debug|Any CPU.ActiveCfg = Debug|Any CPU
		{5A842297-240F-44E3-A9F3-09357B265ECD}.Debug|Any CPU.Build.0 = Debug|Any CPU
		{5A842297-240F-44E3-A9F3-09357B265ECD}.Release|Any CPU.ActiveCfg = Release|Any CPU
		{5A842297-240F-44E3-A9F3-09357B265ECD}.Release|Any CPU.Build.0 = Release|Any CPU
	EndGlobalSection
	GlobalSection(SolutionProperties) = preSolution
		HideSolutionNode = FALSE
	EndGlobalSection
	GlobalSection(ExtensibilityGlobals) = postSolution
		SolutionGuid = {EBB918E9-F8E0-4BE7-BF9C-E204A30068AA}
	EndGlobalSection
EndGlobal
